
Microsoft Visual Studio Solution File, Format Version 12.00
# Visual Studio Version 17
VisualStudioVersion = 17.9.34616.47
MinimumVisualStudioVersion = 10.0.40219.1
Project("{FAE04EC0-301F-11D3-BF4B-00C04F79EFBC}") = "motasAlcoa", "motasAlcoa.csproj", "{F9C1D5F0-0513-43DA-9081-A9AB08564799}"
EndProject
Global
	GlobalSection(SolutionConfigurationPlatforms) = preSolution
		Debug|Any CPU = Debug|Any CPU
		Release|Any CPU = Release|Any CPU
	EndGlobalSection
	GlobalSection(ProjectConfigurationPlatforms) = postSolution
		{F9C1D5F0-0513-43DA-9081-A9AB08564799}.Debug|Any CPU.ActiveCfg = Debug|Any CPU
		{F9C1D5F0-0513-43DA-9081-A9AB08564799}.Debug|Any CPU.Build.0 = Debug|Any CPU
		{F9C1D5F0-0513-43DA-9081-A9AB08564799}.Release|Any CPU.ActiveCfg = Release|Any CPU
		{F9C1D5F0-0513-43DA-9081-A9AB08564799}.Release|Any CPU.Build.0 = Release|Any CPU
	EndGlobalSection
	GlobalSection(SolutionProperties) = preSolution
		HideSolutionNode = FALSE
	EndGlobalSection
	GlobalSection(ExtensibilityGlobals) = postSolution
		SolutionGuid = {A63390B5-C33D-4334-926F-5235E1884884}
	EndGlobalSection
EndGlobal
